// !$*UTF8*$!
{
	archiveVersion = 1;
	classes = {
	};
	objectVersion = 50;
	objects = {

/* Begin PBXBuildFile section */
		53425C54262E57B10031CC11 /* AppDelegate.swift in Sources */ = {isa = PBXBuildFile; fileRef = 53425C53262E57B10031CC11 /* AppDelegate.swift */; };
		53425C56262E57B10031CC11 /* SceneDelegate.swift in Sources */ = {isa = PBXBuildFile; fileRef = 53425C55262E57B10031CC11 /* SceneDelegate.swift */; };
		53425C58262E57B10031CC11 /* LoginViewController.swift in Sources */ = {isa = PBXBuildFile; fileRef = 53425C57262E57B10031CC11 /* LoginViewController.swift */; };
		53425C5B262E57B10031CC11 /* Main.storyboard in Resources */ = {isa = PBXBuildFile; fileRef = 53425C59262E57B10031CC11 /* Main.storyboard */; };
		53425C5D262E57B50031CC11 /* Assets.xcassets in Resources */ = {isa = PBXBuildFile; fileRef = 53425C5C262E57B50031CC11 /* Assets.xcassets */; };
		53425C60262E57B50031CC11 /* LaunchScreen.storyboard in Resources */ = {isa = PBXBuildFile; fileRef = 53425C5E262E57B50031CC11 /* LaunchScreen.storyboard */; };
		53425C6B262E57B60031CC11 /* MessengerTests.swift in Sources */ = {isa = PBXBuildFile; fileRef = 53425C6A262E57B60031CC11 /* MessengerTests.swift */; };
		53425C76262E57B60031CC11 /* MessengerUITests.swift in Sources */ = {isa = PBXBuildFile; fileRef = 53425C75262E57B60031CC11 /* MessengerUITests.swift */; };
		53425C92262E5D910031CC11 /* RegisterViewController.swift in Sources */ = {isa = PBXBuildFile; fileRef = 53425C91262E5D910031CC11 /* RegisterViewController.swift */; };
		53425C97262E5E030031CC11 /* RestoreAccountViewController.swift in Sources */ = {isa = PBXBuildFile; fileRef = 53425C96262E5E030031CC11 /* RestoreAccountViewController.swift */; };
/* End PBXBuildFile section */

/* Begin PBXContainerItemProxy section */
		53425C67262E57B60031CC11 /* PBXContainerItemProxy */ = {
			isa = PBXContainerItemProxy;
			containerPortal = 53425C48262E57B10031CC11 /* Project object */;
			proxyType = 1;
			remoteGlobalIDString = 53425C4F262E57B10031CC11;
			remoteInfo = Messenger;
		};
		53425C72262E57B60031CC11 /* PBXContainerItemProxy */ = {
			isa = PBXContainerItemProxy;
			containerPortal = 53425C48262E57B10031CC11 /* Project object */;
			proxyType = 1;
			remoteGlobalIDString = 53425C4F262E57B10031CC11;
			remoteInfo = Messenger;
		};
/* End PBXContainerItemProxy section */

/* Begin PBXFileReference section */
		53425C50262E57B10031CC11 /* Messenger.app */ = {isa = PBXFileReference; explicitFileType = wrapper.application; includeInIndex = 0; path = Messenger.app; sourceTree = BUILT_PRODUCTS_DIR; };
		53425C53262E57B10031CC11 /* AppDelegate.swift */ = {isa = PBXFileReference; lastKnownFileType = sourcecode.swift; path = AppDelegate.swift; sourceTree = "<group>"; };
		53425C55262E57B10031CC11 /* SceneDelegate.swift */ = {isa = PBXFileReference; lastKnownFileType = sourcecode.swift; path = SceneDelegate.swift; sourceTree = "<group>"; };
		53425C57262E57B10031CC11 /* LoginViewController.swift */ = {isa = PBXFileReference; lastKnownFileType = sourcecode.swift; path = LoginViewController.swift; sourceTree = "<group>"; };
		53425C5A262E57B10031CC11 /* Base */ = {isa = PBXFileReference; lastKnownFileType = file.storyboard; name = Base; path = Base.lproj/Main.storyboard; sourceTree = "<group>"; };
		53425C5C262E57B50031CC11 /* Assets.xcassets */ = {isa = PBXFileReference; lastKnownFileType = folder.assetcatalog; path = Assets.xcassets; sourceTree = "<group>"; };
		53425C5F262E57B50031CC11 /* Base */ = {isa = PBXFileReference; lastKnownFileType = file.storyboard; name = Base; path = Base.lproj/LaunchScreen.storyboard; sourceTree = "<group>"; };
		53425C61262E57B50031CC11 /* Info.plist */ = {isa = PBXFileReference; lastKnownFileType = text.plist.xml; path = Info.plist; sourceTree = "<group>"; };
		53425C66262E57B60031CC11 /* MessengerTests.xctest */ = {isa = PBXFileReference; explicitFileType = wrapper.cfbundle; includeInIndex = 0; path = MessengerTests.xctest; sourceTree = BUILT_PRODUCTS_DIR; };
		53425C6A262E57B60031CC11 /* MessengerTests.swift */ = {isa = PBXFileReference; lastKnownFileType = sourcecode.swift; path = MessengerTests.swift; sourceTree = "<group>"; };
		53425C6C262E57B60031CC11 /* Info.plist */ = {isa = PBXFileReference; lastKnownFileType = text.plist.xml; path = Info.plist; sourceTree = "<group>"; };
		53425C71262E57B60031CC11 /* MessengerUITests.xctest */ = {isa = PBXFileReference; explicitFileType = wrapper.cfbundle; includeInIndex = 0; path = MessengerUITests.xctest; sourceTree = BUILT_PRODUCTS_DIR; };
		53425C75262E57B60031CC11 /* MessengerUITests.swift */ = {isa = PBXFileReference; lastKnownFileType = sourcecode.swift; path = MessengerUITests.swift; sourceTree = "<group>"; };
		53425C77262E57B60031CC11 /* Info.plist */ = {isa = PBXFileReference; lastKnownFileType = text.plist.xml; path = Info.plist; sourceTree = "<group>"; };
		53425C91262E5D910031CC11 /* RegisterViewController.swift */ = {isa = PBXFileReference; lastKnownFileType = sourcecode.swift; path = RegisterViewController.swift; sourceTree = "<group>"; };
		53425C96262E5E030031CC11 /* RestoreAccountViewController.swift */ = {isa = PBXFileReference; lastKnownFileType = sourcecode.swift; path = RestoreAccountViewController.swift; sourceTree = "<group>"; };
/* End PBXFileReference section */

/* Begin PBXFrameworksBuildPhase section */
		53425C4D262E57B10031CC11 /* Frameworks */ = {
			isa = PBXFrameworksBuildPhase;
			buildActionMask = 2147483647;
			files = (
			);
			runOnlyForDeploymentPostprocessing = 0;
		};
		53425C63262E57B60031CC11 /* Frameworks */ = {
			isa = PBXFrameworksBuildPhase;
			buildActionMask = 2147483647;
			files = (
			);
			runOnlyForDeploymentPostprocessing = 0;
		};
		53425C6E262E57B60031CC11 /* Frameworks */ = {
			isa = PBXFrameworksBuildPhase;
			buildActionMask = 2147483647;
			files = (
			);
			runOnlyForDeploymentPostprocessing = 0;
		};
/* End PBXFrameworksBuildPhase section */

/* Begin PBXGroup section */
		53425C47262E57B10031CC11 = {
			isa = PBXGroup;
			children = (
				53425C52262E57B10031CC11 /* Messenger */,
				53425C69262E57B60031CC11 /* MessengerTests */,
				53425C74262E57B60031CC11 /* MessengerUITests */,
				53425C51262E57B10031CC11 /* Products */,
			);
			sourceTree = "<group>";
		};
		53425C51262E57B10031CC11 /* Products */ = {
			isa = PBXGroup;
			children = (
				53425C50262E57B10031CC11 /* Messenger.app */,
				53425C66262E57B60031CC11 /* MessengerTests.xctest */,
				53425C71262E57B60031CC11 /* MessengerUITests.xctest */,
			);
			name = Products;
			sourceTree = "<group>";
		};
		53425C52262E57B10031CC11 /* Messenger */ = {
			isa = PBXGroup;
			children = (
				53425C86262E59B10031CC11 /* Controllers */,
				53425C87262E59CF0031CC11 /* Models */,
				53425C8D262E5A9A0031CC11 /* Resources */,
				53425C8B262E5A0F0031CC11 /* Views */,
				53425C8A262E5A010031CC11 /* ViewModels */,
				53425C61262E57B50031CC11 /* Info.plist */,
			);
			path = Messenger;
			sourceTree = "<group>";
		};
		53425C69262E57B60031CC11 /* MessengerTests */ = {
			isa = PBXGroup;
			children = (
				53425C6A262E57B60031CC11 /* MessengerTests.swift */,
				53425C6C262E57B60031CC11 /* Info.plist */,
			);
			path = MessengerTests;
			sourceTree = "<group>";
		};
		53425C74262E57B60031CC11 /* MessengerUITests */ = {
			isa = PBXGroup;
			children = (
				53425C75262E57B60031CC11 /* MessengerUITests.swift */,
				53425C77262E57B60031CC11 /* Info.plist */,
			);
			path = MessengerUITests;
			sourceTree = "<group>";
		};
		53425C86262E59B10031CC11 /* Controllers */ = {
			isa = PBXGroup;
			children = (
				53425C57262E57B10031CC11 /* LoginViewController.swift */,
				53425C91262E5D910031CC11 /* RegisterViewController.swift */,
				53425C96262E5E030031CC11 /* RestoreAccountViewController.swift */,
			);
			path = Controllers;
			sourceTree = "<group>";
		};
		53425C87262E59CF0031CC11 /* Models */ = {
			isa = PBXGroup;
			children = (
			);
			path = Models;
			sourceTree = "<group>";
		};
		53425C8A262E5A010031CC11 /* ViewModels */ = {
			isa = PBXGroup;
			children = (
			);
			path = ViewModels;
			sourceTree = "<group>";
		};
		53425C8B262E5A0F0031CC11 /* Views */ = {
			isa = PBXGroup;
			children = (
				53425C8C262E5A2C0031CC11 /* Storyboards */,
				53425C5C262E57B50031CC11 /* Assets.xcassets */,
			);
			path = Views;
			sourceTree = "<group>";
		};
		53425C8C262E5A2C0031CC11 /* Storyboards */ = {
			isa = PBXGroup;
			children = (
				53425C59262E57B10031CC11 /* Main.storyboard */,
				53425C5E262E57B50031CC11 /* LaunchScreen.storyboard */,
			);
			path = Storyboards;
			sourceTree = "<group>";
		};
		53425C8D262E5A9A0031CC11 /* Resources */ = {
			isa = PBXGroup;
			children = (
				53425C53262E57B10031CC11 /* AppDelegate.swift */,
				53425C55262E57B10031CC11 /* SceneDelegate.swift */,
			);
			path = Resources;
			sourceTree = "<group>";
		};
/* End PBXGroup section */

/* Begin PBXNativeTarget section */
		53425C4F262E57B10031CC11 /* Messenger */ = {
			isa = PBXNativeTarget;
			buildConfigurationList = 53425C7A262E57B60031CC11 /* Build configuration list for PBXNativeTarget "Messenger" */;
			buildPhases = (
				53425C4C262E57B10031CC11 /* Sources */,
				53425C4D262E57B10031CC11 /* Frameworks */,
				53425C4E262E57B10031CC11 /* Resources */,
			);
			buildRules = (
			);
			dependencies = (
			);
			name = Messenger;
			productName = Messenger;
			productReference = 53425C50262E57B10031CC11 /* Messenger.app */;
			productType = "com.apple.product-type.application";
		};
		53425C65262E57B60031CC11 /* MessengerTests */ = {
			isa = PBXNativeTarget;
			buildConfigurationList = 53425C7D262E57B60031CC11 /* Build configuration list for PBXNativeTarget "MessengerTests" */;
			buildPhases = (
				53425C62262E57B60031CC11 /* Sources */,
				53425C63262E57B60031CC11 /* Frameworks */,
				53425C64262E57B60031CC11 /* Resources */,
			);
			buildRules = (
			);
			dependencies = (
				53425C68262E57B60031CC11 /* PBXTargetDependency */,
			);
			name = MessengerTests;
			productName = MessengerTests;
			productReference = 53425C66262E57B60031CC11 /* MessengerTests.xctest */;
			productType = "com.apple.product-type.bundle.unit-test";
		};
		53425C70262E57B60031CC11 /* MessengerUITests */ = {
			isa = PBXNativeTarget;
			buildConfigurationList = 53425C80262E57B60031CC11 /* Build configuration list for PBXNativeTarget "MessengerUITests" */;
			buildPhases = (
				53425C6D262E57B60031CC11 /* Sources */,
				53425C6E262E57B60031CC11 /* Frameworks */,
				53425C6F262E57B60031CC11 /* Resources */,
			);
			buildRules = (
			);
			dependencies = (
				53425C73262E57B60031CC11 /* PBXTargetDependency */,
			);
			name = MessengerUITests;
			productName = MessengerUITests;
			productReference = 53425C71262E57B60031CC11 /* MessengerUITests.xctest */;
			productType = "com.apple.product-type.bundle.ui-testing";
		};
/* End PBXNativeTarget section */

/* Begin PBXProject section */
		53425C48262E57B10031CC11 /* Project object */ = {
			isa = PBXProject;
			attributes = {
				LastSwiftUpdateCheck = 1240;
				LastUpgradeCheck = 1240;
				TargetAttributes = {
					53425C4F262E57B10031CC11 = {
						CreatedOnToolsVersion = 12.4;
					};
					53425C65262E57B60031CC11 = {
						CreatedOnToolsVersion = 12.4;
						TestTargetID = 53425C4F262E57B10031CC11;
					};
					53425C70262E57B60031CC11 = {
						CreatedOnToolsVersion = 12.4;
						TestTargetID = 53425C4F262E57B10031CC11;
					};
				};
			};
			buildConfigurationList = 53425C4B262E57B10031CC11 /* Build configuration list for PBXProject "Messenger" */;
			compatibilityVersion = "Xcode 9.3";
			developmentRegion = en;
			hasScannedForEncodings = 0;
			knownRegions = (
				en,
				Base,
			);
			mainGroup = 53425C47262E57B10031CC11;
			productRefGroup = 53425C51262E57B10031CC11 /* Products */;
			projectDirPath = "";
			projectRoot = "";
			targets = (
				53425C4F262E57B10031CC11 /* Messenger */,
				53425C65262E57B60031CC11 /* MessengerTests */,
				53425C70262E57B60031CC11 /* MessengerUITests */,
			);
		};
/* End PBXProject section */

/* Begin PBXResourcesBuildPhase section */
		53425C4E262E57B10031CC11 /* Resources */ = {
			isa = PBXResourcesBuildPhase;
			buildActionMask = 2147483647;
			files = (
				53425C60262E57B50031CC11 /* LaunchScreen.storyboard in Resources */,
				53425C5D262E57B50031CC11 /* Assets.xcassets in Resources */,
				53425C5B262E57B10031CC11 /* Main.storyboard in Resources */,
			);
			runOnlyForDeploymentPostprocessing = 0;
		};
		53425C64262E57B60031CC11 /* Resources */ = {
			isa = PBXResourcesBuildPhase;
			buildActionMask = 2147483647;
			files = (
			);
			runOnlyForDeploymentPostprocessing = 0;
		};
		53425C6F262E57B60031CC11 /* Resources */ = {
			isa = PBXResourcesBuildPhase;
			buildActionMask = 2147483647;
			files = (
			);
			runOnlyForDeploymentPostprocessing = 0;
		};
/* End PBXResourcesBuildPhase section */

/* Begin PBXSourcesBuildPhase section */
		53425C4C262E57B10031CC11 /* Sources */ = {
			isa = PBXSourcesBuildPhase;
			buildActionMask = 2147483647;
			files = (
				53425C58262E57B10031CC11 /* LoginViewController.swift in Sources */,
				53425C54262E57B10031CC11 /* AppDelegate.swift in Sources */,
				53425C56262E57B10031CC11 /* SceneDelegate.swift in Sources */,
				53425C97262E5E030031CC11 /* RestoreAccountViewController.swift in Sources */,
				53425C92262E5D910031CC11 /* RegisterViewController.swift in Sources */,
			);
			runOnlyForDeploymentPostprocessing = 0;
		};
		53425C62262E57B60031CC11 /* Sources */ = {
			isa = PBXSourcesBuildPhase;
			buildActionMask = 2147483647;
			files = (
				53425C6B262E57B60031CC11 /* MessengerTests.swift in Sources */,
			);
			runOnlyForDeploymentPostprocessing = 0;
		};
		53425C6D262E57B60031CC11 /* Sources */ = {
			isa = PBXSourcesBuildPhase;
			buildActionMask = 2147483647;
			files = (
				53425C76262E57B60031CC11 /* MessengerUITests.swift in Sources */,
			);
			runOnlyForDeploymentPostprocessing = 0;
		};
/* End PBXSourcesBuildPhase section */

/* Begin PBXTargetDependency section */
		53425C68262E57B60031CC11 /* PBXTargetDependency */ = {
			isa = PBXTargetDependency;
			target = 53425C4F262E57B10031CC11 /* Messenger */;
			targetProxy = 53425C67262E57B60031CC11 /* PBXContainerItemProxy */;
		};
		53425C73262E57B60031CC11 /* PBXTargetDependency */ = {
			isa = PBXTargetDependency;
			target = 53425C4F262E57B10031CC11 /* Messenger */;
			targetProxy = 53425C72262E57B60031CC11 /* PBXContainerItemProxy */;
		};
/* End PBXTargetDependency section */

/* Begin PBXVariantGroup section */
		53425C59262E57B10031CC11 /* Main.storyboard */ = {
			isa = PBXVariantGroup;
			children = (
				53425C5A262E57B10031CC11 /* Base */,
			);
			name = Main.storyboard;
			sourceTree = "<group>";
		};
		53425C5E262E57B50031CC11 /* LaunchScreen.storyboard */ = {
			isa = PBXVariantGroup;
			children = (
				53425C5F262E57B50031CC11 /* Base */,
			);
			name = LaunchScreen.storyboard;
			sourceTree = "<group>";
		};
/* End PBXVariantGroup section */

/* Begin XCBuildConfiguration section */
		53425C78262E57B60031CC11 /* Debug */ = {
			isa = XCBuildConfiguration;
			buildSettings = {
				ALWAYS_SEARCH_USER_PATHS = NO;
				CLANG_ANALYZER_NONNULL = YES;
				CLANG_ANALYZER_NUMBER_OBJECT_CONVERSION = YES_AGGRESSIVE;
				CLANG_CXX_LANGUAGE_STANDARD = "gnu++14";
				CLANG_CXX_LIBRARY = "libc++";
				CLANG_ENABLE_MODULES = YES;
				CLANG_ENABLE_OBJC_ARC = YES;
				CLANG_ENABLE_OBJC_WEAK = YES;
				CLANG_WARN_BLOCK_CAPTURE_AUTORELEASING = YES;
				CLANG_WARN_BOOL_CONVERSION = YES;
				CLANG_WARN_COMMA = YES;
				CLANG_WARN_CONSTANT_CONVERSION = YES;
				CLANG_WARN_DEPRECATED_OBJC_IMPLEMENTATIONS = YES;
				CLANG_WARN_DIRECT_OBJC_ISA_USAGE = YES_ERROR;
				CLANG_WARN_DOCUMENTATION_COMMENTS = YES;
				CLANG_WARN_EMPTY_BODY = YES;
				CLANG_WARN_ENUM_CONVERSION = YES;
				CLANG_WARN_INFINITE_RECURSION = YES;
				CLANG_WARN_INT_CONVERSION = YES;
				CLANG_WARN_NON_LITERAL_NULL_CONVERSION = YES;
				CLANG_WARN_OBJC_IMPLICIT_RETAIN_SELF = YES;
				CLANG_WARN_OBJC_LITERAL_CONVERSION = YES;
				CLANG_WARN_OBJC_ROOT_CLASS = YES_ERROR;
				CLANG_WARN_QUOTED_INCLUDE_IN_FRAMEWORK_HEADER = YES;
				CLANG_WARN_RANGE_LOOP_ANALYSIS = YES;
				CLANG_WARN_STRICT_PROTOTYPES = YES;
				CLANG_WARN_SUSPICIOUS_MOVE = YES;
				CLANG_WARN_UNGUARDED_AVAILABILITY = YES_AGGRESSIVE;
				CLANG_WARN_UNREACHABLE_CODE = YES;
				CLANG_WARN__DUPLICATE_METHOD_MATCH = YES;
				COPY_PHASE_STRIP = NO;
				DEBUG_INFORMATION_FORMAT = dwarf;
				ENABLE_STRICT_OBJC_MSGSEND = YES;
				ENABLE_TESTABILITY = YES;
				GCC_C_LANGUAGE_STANDARD = gnu11;
				GCC_DYNAMIC_NO_PIC = NO;
				GCC_NO_COMMON_BLOCKS = YES;
				GCC_OPTIMIZATION_LEVEL = 0;
				GCC_PREPROCESSOR_DEFINITIONS = (
					"DEBUG=1",
					"$(inherited)",
				);
				GCC_WARN_64_TO_32_BIT_CONVERSION = YES;
				GCC_WARN_ABOUT_RETURN_TYPE = YES_ERROR;
				GCC_WARN_UNDECLARED_SELECTOR = YES;
				GCC_WARN_UNINITIALIZED_AUTOS = YES_AGGRESSIVE;
				GCC_WARN_UNUSED_FUNCTION = YES;
				GCC_WARN_UNUSED_VARIABLE = YES;
				IPHONEOS_DEPLOYMENT_TARGET = 14.4;
				MTL_ENABLE_DEBUG_INFO = INCLUDE_SOURCE;
				MTL_FAST_MATH = YES;
				ONLY_ACTIVE_ARCH = YES;
				SDKROOT = iphoneos;
				SWIFT_ACTIVE_COMPILATION_CONDITIONS = DEBUG;
				SWIFT_OPTIMIZATION_LEVEL = "-Onone";
			};
			name = Debug;
		};
		53425C79262E57B60031CC11 /* Release */ = {
			isa = XCBuildConfiguration;
			buildSettings = {
				ALWAYS_SEARCH_USER_PATHS = NO;
				CLANG_ANALYZER_NONNULL = YES;
				CLANG_ANALYZER_NUMBER_OBJECT_CONVERSION = YES_AGGRESSIVE;
				CLANG_CXX_LANGUAGE_STANDARD = "gnu++14";
				CLANG_CXX_LIBRARY = "libc++";
				CLANG_ENABLE_MODULES = YES;
				CLANG_ENABLE_OBJC_ARC = YES;
				CLANG_ENABLE_OBJC_WEAK = YES;
				CLANG_WARN_BLOCK_CAPTURE_AUTORELEASING = YES;
				CLANG_WARN_BOOL_CONVERSION = YES;
				CLANG_WARN_COMMA = YES;
				CLANG_WARN_CONSTANT_CONVERSION = YES;
				CLANG_WARN_DEPRECATED_OBJC_IMPLEMENTATIONS = YES;
				CLANG_WARN_DIRECT_OBJC_ISA_USAGE = YES_ERROR;
				CLANG_WARN_DOCUMENTATION_COMMENTS = YES;
				CLANG_WARN_EMPTY_BODY = YES;
				CLANG_WARN_ENUM_CONVERSION = YES;
				CLANG_WARN_INFINITE_RECURSION = YES;
				CLANG_WARN_INT_CONVERSION = YES;
				CLANG_WARN_NON_LITERAL_NULL_CONVERSION = YES;
				CLANG_WARN_OBJC_IMPLICIT_RETAIN_SELF = YES;
				CLANG_WARN_OBJC_LITERAL_CONVERSION = YES;
				CLANG_WARN_OBJC_ROOT_CLASS = YES_ERROR;
				CLANG_WARN_QUOTED_INCLUDE_IN_FRAMEWORK_HEADER = YES;
				CLANG_WARN_RANGE_LOOP_ANALYSIS = YES;
				CLANG_WARN_STRICT_PROTOTYPES = YES;
				CLANG_WARN_SUSPICIOUS_MOVE = YES;
				CLANG_WARN_UNGUARDED_AVAILABILITY = YES_AGGRESSIVE;
				CLANG_WARN_UNREACHABLE_CODE = YES;
				CLANG_WARN__DUPLICATE_METHOD_MATCH = YES;
				COPY_PHASE_STRIP = NO;
				DEBUG_INFORMATION_FORMAT = "dwarf-with-dsym";
				ENABLE_NS_ASSERTIONS = NO;
				ENABLE_STRICT_OBJC_MSGSEND = YES;
				GCC_C_LANGUAGE_STANDARD = gnu11;
				GCC_NO_COMMON_BLOCKS = YES;
				GCC_WARN_64_TO_32_BIT_CONVERSION = YES;
				GCC_WARN_ABOUT_RETURN_TYPE = YES_ERROR;
				GCC_WARN_UNDECLARED_SELECTOR = YES;
				GCC_WARN_UNINITIALIZED_AUTOS = YES_AGGRESSIVE;
				GCC_WARN_UNUSED_FUNCTION = YES;
				GCC_WARN_UNUSED_VARIABLE = YES;
				IPHONEOS_DEPLOYMENT_TARGET = 14.4;
				MTL_ENABLE_DEBUG_INFO = NO;
				MTL_FAST_MATH = YES;
				SDKROOT = iphoneos;
				SWIFT_COMPILATION_MODE = wholemodule;
				SWIFT_OPTIMIZATION_LEVEL = "-O";
				VALIDATE_PRODUCT = YES;
			};
			name = Release;
		};
		53425C7B262E57B60031CC11 /* Debug */ = {
			isa = XCBuildConfiguration;
			buildSettings = {
				ASSETCATALOG_COMPILER_APPICON_NAME = AppIcon;
				ASSETCATALOG_COMPILER_GLOBAL_ACCENT_COLOR_NAME = AccentColor;
				CODE_SIGN_STYLE = Automatic;
				INFOPLIST_FILE = Messenger/Info.plist;
				IPHONEOS_DEPLOYMENT_TARGET = 10.0;
				LD_RUNPATH_SEARCH_PATHS = (
					"$(inherited)",
					"@executable_path/Frameworks",
				);
				PRODUCT_BUNDLE_IDENTIFIER = net.scalebot.Messenger;
				PRODUCT_NAME = "$(TARGET_NAME)";
				SWIFT_VERSION = 5.0;
				TARGETED_DEVICE_FAMILY = 1;
			};
			name = Debug;
		};
		53425C7C262E57B60031CC11 /* Release */ = {
			isa = XCBuildConfiguration;
			buildSettings = {
				ASSETCATALOG_COMPILER_APPICON_NAME = AppIcon;
				ASSETCATALOG_COMPILER_GLOBAL_ACCENT_COLOR_NAME = AccentColor;
				CODE_SIGN_STYLE = Automatic;
				INFOPLIST_FILE = Messenger/Info.plist;
				IPHONEOS_DEPLOYMENT_TARGET = 10.0;
				LD_RUNPATH_SEARCH_PATHS = (
					"$(inherited)",
					"@executable_path/Frameworks",
				);
				PRODUCT_BUNDLE_IDENTIFIER = net.scalebot.Messenger;
				PRODUCT_NAME = "$(TARGET_NAME)";
				SWIFT_VERSION = 5.0;
				TARGETED_DEVICE_FAMILY = 1;
			};
			name = Release;
		};
		53425C7E262E57B60031CC11 /* Debug */ = {
			isa = XCBuildConfiguration;
			buildSettings = {
				ALWAYS_EMBED_SWIFT_STANDARD_LIBRARIES = YES;
				BUNDLE_LOADER = "$(TEST_HOST)";
				CODE_SIGN_STYLE = Automatic;
				INFOPLIST_FILE = MessengerTests/Info.plist;
				IPHONEOS_DEPLOYMENT_TARGET = 14.4;
				LD_RUNPATH_SEARCH_PATHS = (
					"$(inherited)",
					"@executable_path/Frameworks",
					"@loader_path/Frameworks",
				);
				PRODUCT_BUNDLE_IDENTIFIER = net.scalebot.MessengerTests;
				PRODUCT_NAME = "$(TARGET_NAME)";
				SWIFT_VERSION = 5.0;
				TARGETED_DEVICE_FAMILY = "1,2";
				TEST_HOST = "$(BUILT_PRODUCTS_DIR)/Messenger.app/Messenger";
			};
			name = Debug;
		};
		53425C7F262E57B60031CC11 /* Release */ = {
			isa = XCBuildConfiguration;
			buildSettings = {
				ALWAYS_EMBED_SWIFT_STANDARD_LIBRARIES = YES;
				BUNDLE_LOADER = "$(TEST_HOST)";
				CODE_SIGN_STYLE = Automatic;
				INFOPLIST_FILE = MessengerTests/Info.plist;
				IPHONEOS_DEPLOYMENT_TARGET = 14.4;
				LD_RUNPATH_SEARCH_PATHS = (
					"$(inherited)",
					"@executable_path/Frameworks",
					"@loader_path/Frameworks",
				);
				PRODUCT_BUNDLE_IDENTIFIER = net.scalebot.MessengerTests;
				PRODUCT_NAME = "$(TARGET_NAME)";
				SWIFT_VERSION = 5.0;
				TARGETED_DEVICE_FAMILY = "1,2";
				TEST_HOST = "$(BUILT_PRODUCTS_DIR)/Messenger.app/Messenger";
			};
			name = Release;
		};
		53425C81262E57B60031CC11 /* Debug */ = {
			isa = XCBuildConfiguration;
			buildSettings = {
				ALWAYS_EMBED_SWIFT_STANDARD_LIBRARIES = YES;
				CODE_SIGN_STYLE = Automatic;
				INFOPLIST_FILE = MessengerUITests/Info.plist;
				LD_RUNPATH_SEARCH_PATHS = (
					"$(inherited)",
					"@executable_path/Frameworks",
					"@loader_path/Frameworks",
				);
				PRODUCT_BUNDLE_IDENTIFIER = net.scalebot.MessengerUITests;
				PRODUCT_NAME = "$(TARGET_NAME)";
				SWIFT_VERSION = 5.0;
				TARGETED_DEVICE_FAMILY = "1,2";
				TEST_TARGET_NAME = Messenger;
			};
			name = Debug;
		};
		53425C82262E57B60031CC11 /* Release */ = {
			isa = XCBuildConfiguration;
			buildSettings = {
				ALWAYS_EMBED_SWIFT_STANDARD_LIBRARIES = YES;
				CODE_SIGN_STYLE = Automatic;
				INFOPLIST_FILE = MessengerUITests/Info.plist;
				LD_RUNPATH_SEARCH_PATHS = (
					"$(inherited)",
					"@executable_path/Frameworks",
					"@loader_path/Frameworks",
				);
				PRODUCT_BUNDLE_IDENTIFIER = net.scalebot.MessengerUITests;
				PRODUCT_NAME = "$(TARGET_NAME)";
				SWIFT_VERSION = 5.0;
				TARGETED_DEVICE_FAMILY = "1,2";
				TEST_TARGET_NAME = Messenger;
			};
			name = Release;
		};
/* End XCBuildConfiguration section */

/* Begin XCConfigurationList section */
		53425C4B262E57B10031CC11 /* Build configuration list for PBXProject "Messenger" */ = {
			isa = XCConfigurationList;
			buildConfigurations = (
				53425C78262E57B60031CC11 /* Debug */,
				53425C79262E57B60031CC11 /* Release */,
			);
			defaultConfigurationIsVisible = 0;
			defaultConfigurationName = Release;
		};
		53425C7A262E57B60031CC11 /* Build configuration list for PBXNativeTarget "Messenger" */ = {
			isa = XCConfigurationList;
			buildConfigurations = (
				53425C7B262E57B60031CC11 /* Debug */,
				53425C7C262E57B60031CC11 /* Release */,
			);
			defaultConfigurationIsVisible = 0;
			defaultConfigurationName = Release;
		};
		53425C7D262E57B60031CC11 /* Build configuration list for PBXNativeTarget "MessengerTests" */ = {
			isa = XCConfigurationList;
			buildConfigurations = (
				53425C7E262E57B60031CC11 /* Debug */,
				53425C7F262E57B60031CC11 /* Release */,
			);
			defaultConfigurationIsVisible = 0;
			defaultConfigurationName = Release;
		};
		53425C80262E57B60031CC11 /* Build configuration list for PBXNativeTarget "MessengerUITests" */ = {
			isa = XCConfigurationList;
			buildConfigurations = (
				53425C81262E57B60031CC11 /* Debug */,
				53425C82262E57B60031CC11 /* Release */,
			);
			defaultConfigurationIsVisible = 0;
			defaultConfigurationName = Release;
		};
/* End XCConfigurationList section */
	};
	rootObject = 53425C48262E57B10031CC11 /* Project object */;
}
